
Microsoft Visual Studio Solution File, Format Version 12.00
# Visual Studio 15
VisualStudioVersion = 15.0.26730.0
MinimumVisualStudioVersion = 10.0.40219.1
Project("{FAE04EC0-301F-11D3-BF4B-00C04F79EFBC}") = "ConsAppForTraining", "ConsAppForTraining\ConsAppForTraining.csproj", "{253E091A-02B5-4705-9DE3-FF8030F28C37}"
EndProject
Global
	GlobalSection(SolutionConfigurationPlatforms) = preSolution
		Debug|Any CPU = Debug|Any CPU
		Release|Any CPU = Release|Any CPU
	EndGlobalSection
	GlobalSection(ProjectConfigurationPlatforms) = postSolution
		{253E091A-02B5-4705-9DE3-FF8030F28C37}.Debug|Any CPU.ActiveCfg = Debug|Any CPU
		{253E091A-02B5-4705-9DE3-FF8030F28C37}.Debug|Any CPU.Build.0 = Debug|Any CPU
		{253E091A-02B5-4705-9DE3-FF8030F28C37}.Release|Any CPU.ActiveCfg = Release|Any CPU
		{253E091A-02B5-4705-9DE3-FF8030F28C37}.Release|Any CPU.Build.0 = Release|Any CPU
	EndGlobalSection
	GlobalSection(SolutionProperties) = preSolution
		HideSolutionNode = FALSE
	EndGlobalSection
	GlobalSection(ExtensibilityGlobals) = postSolution
		SolutionGuid = {3B61C041-07A0-45A1-B265-C2EFCF687178}
	EndGlobalSection
EndGlobal
